
Microsoft Visual Studio Solution File, Format Version 11.00
# Visual Studio 2010
Project("{8BC9CEB8-8B4A-11D0-8D11-00A0C91BC942}") = "sift", "sift\sift.vcxproj", "{4C7397C3-18F4-4C00-9EB1-DDAFC246C6C0}"
EndProject
Global
	GlobalSection(SolutionConfigurationPlatforms) = preSolution
		Debug|Win32 = Debug|Win32
		Release|Win32 = Release|Win32
	EndGlobalSection
	GlobalSection(ProjectConfigurationPlatforms) = postSolution
		{4C7397C3-18F4-4C00-9EB1-DDAFC246C6C0}.Debug|Win32.ActiveCfg = Debug|Win32
		{4C7397C3-18F4-4C00-9EB1-DDAFC246C6C0}.Debug|Win32.Build.0 = Debug|Win32
		{4C7397C3-18F4-4C00-9EB1-DDAFC246C6C0}.Release|Win32.ActiveCfg = Release|Win32
		{4C7397C3-18F4-4C00-9EB1-DDAFC246C6C0}.Release|Win32.Build.0 = Release|Win32
	EndGlobalSection
	GlobalSection(SolutionProperties) = preSolution
		HideSolutionNode = FALSE
	EndGlobalSection
EndGlobal
